
Microsoft Visual Studio Solution File, Format Version 12.00
# Visual Studio Version 17
VisualStudioVersion = 17.2.32630.192
MinimumVisualStudioVersion = 10.0.40219.1
Project("{2150E333-8FDC-42A3-9474-1A3956D46DE8}") = "Core", "Core", "{449546CB-CDB1-426F-A4B2-1D011880BE73}"
EndProject
Project("{FAE04EC0-301F-11D3-BF4B-00C04F79EFBC}") = "ETicaretAPI.Domain", "Core\ETicaretAPI.Domain\ETicaretAPI.Domain.csproj", "{45B8BCA3-9B0F-49C8-B5C3-CAF0F76BFE1B}"
EndProject
Project("{FAE04EC0-301F-11D3-BF4B-00C04F79EFBC}") = "ETicaretAPI.Application", "Core\ETicaretAPI.Application\ETicaretAPI.Application.csproj", "{14A7139F-4E62-4999-812E-A318B6FF6783}"
EndProject
Project("{2150E333-8FDC-42A3-9474-1A3956D46DE8}") = "Infrastructure", "Infrastructure", "{5CA3E6AD-8B9F-487C-A026-6D0228002A7B}"
EndProject
Project("{FAE04EC0-301F-11D3-BF4B-00C04F79EFBC}") = "ETicaretAPI.Infrastructure", "Infrastructure\ETicaretAPI.Infrastructure\ETicaretAPI.Infrastructure.csproj", "{F8389FF3-5055-460A-8812-321D2296E3C2}"
EndProject
Project("{FAE04EC0-301F-11D3-BF4B-00C04F79EFBC}") = "ETicaretAPI.Persistance", "Infrastructure\ETicaretAPI.Persistance\ETicaretAPI.Persistance.csproj", "{25C33D3C-2B11-495F-B55B-93163D999216}"
EndProject
Project("{2150E333-8FDC-42A3-9474-1A3956D46DE8}") = "Presentation", "Presentation", "{B624C1A2-1146-4E2F-B4A8-3CB6B28DAD95}"
EndProject
Project("{FAE04EC0-301F-11D3-BF4B-00C04F79EFBC}") = "ETicaretAPI.API", "Presentation\ETicaretAPI.API\ETicaretAPI.API.csproj", "{67657F6D-87A8-4DC6-B00F-F2AAF2C915B6}"
EndProject
Global
	GlobalSection(SolutionConfigurationPlatforms) = preSolution
		Debug|Any CPU = Debug|Any CPU
		Release|Any CPU = Release|Any CPU
	EndGlobalSection
	GlobalSection(ProjectConfigurationPlatforms) = postSolution
		{45B8BCA3-9B0F-49C8-B5C3-CAF0F76BFE1B}.Debug|Any CPU.ActiveCfg = Debug|Any CPU
		{45B8BCA3-9B0F-49C8-B5C3-CAF0F76BFE1B}.Debug|Any CPU.Build.0 = Debug|Any CPU
		{45B8BCA3-9B0F-49C8-B5C3-CAF0F76BFE1B}.Release|Any CPU.ActiveCfg = Release|Any CPU
		{45B8BCA3-9B0F-49C8-B5C3-CAF0F76BFE1B}.Release|Any CPU.Build.0 = Release|Any CPU
		{14A7139F-4E62-4999-812E-A318B6FF6783}.Debug|Any CPU.ActiveCfg = Debug|Any CPU
		{14A7139F-4E62-4999-812E-A318B6FF6783}.Debug|Any CPU.Build.0 = Debug|Any CPU
		{14A7139F-4E62-4999-812E-A318B6FF6783}.Release|Any CPU.ActiveCfg = Release|Any CPU
		{14A7139F-4E62-4999-812E-A318B6FF6783}.Release|Any CPU.Build.0 = Release|Any CPU
		{F8389FF3-5055-460A-8812-321D2296E3C2}.Debug|Any CPU.ActiveCfg = Debug|Any CPU
		{F8389FF3-5055-460A-8812-321D2296E3C2}.Debug|Any CPU.Build.0 = Debug|Any CPU
		{F8389FF3-5055-460A-8812-321D2296E3C2}.Release|Any CPU.ActiveCfg = Release|Any CPU
		{F8389FF3-5055-460A-8812-321D2296E3C2}.Release|Any CPU.Build.0 = Release|Any CPU
		{25C33D3C-2B11-495F-B55B-93163D999216}.Debug|Any CPU.ActiveCfg = Debug|Any CPU
		{25C33D3C-2B11-495F-B55B-93163D999216}.Debug|Any CPU.Build.0 = Debug|Any CPU
		{25C33D3C-2B11-495F-B55B-93163D999216}.Release|Any CPU.ActiveCfg = Release|Any CPU
		{25C33D3C-2B11-495F-B55B-93163D999216}.Release|Any CPU.Build.0 = Release|Any CPU
		{67657F6D-87A8-4DC6-B00F-F2AAF2C915B6}.Debug|Any CPU.ActiveCfg = Debug|Any CPU
		{67657F6D-87A8-4DC6-B00F-F2AAF2C915B6}.Debug|Any CPU.Build.0 = Debug|Any CPU
		{67657F6D-87A8-4DC6-B00F-F2AAF2C915B6}.Release|Any CPU.ActiveCfg = Release|Any CPU
		{67657F6D-87A8-4DC6-B00F-F2AAF2C915B6}.Release|Any CPU.Build.0 = Release|Any CPU
	EndGlobalSection
	GlobalSection(SolutionProperties) = preSolution
		HideSolutionNode = FALSE
	EndGlobalSection
	GlobalSection(NestedProjects) = preSolution
		{45B8BCA3-9B0F-49C8-B5C3-CAF0F76BFE1B} = {449546CB-CDB1-426F-A4B2-1D011880BE73}
		{14A7139F-4E62-4999-812E-A318B6FF6783} = {449546CB-CDB1-426F-A4B2-1D011880BE73}
		{F8389FF3-5055-460A-8812-321D2296E3C2} = {5CA3E6AD-8B9F-487C-A026-6D0228002A7B}
		{25C33D3C-2B11-495F-B55B-93163D999216} = {5CA3E6AD-8B9F-487C-A026-6D0228002A7B}
		{67657F6D-87A8-4DC6-B00F-F2AAF2C915B6} = {B624C1A2-1146-4E2F-B4A8-3CB6B28DAD95}
	EndGlobalSection
	GlobalSection(ExtensibilityGlobals) = postSolution
		SolutionGuid = {EDF534DC-AE17-49AB-B81C-12B04B3BEB8A}
	EndGlobalSection
EndGlobal
